
Microsoft Visual Studio Solution File, Format Version 12.00
# Visual Studio Version 17
VisualStudioVersion = 17.8.34511.84
MinimumVisualStudioVersion = 10.0.40219.1
Project("{FAE04EC0-301F-11D3-BF4B-00C04F79EFBC}") = "SqlLogin", "SqlLogin\SqlLogin.csproj", "{C51C9C58-8473-468E-B9C8-BA1B50705FED}"
EndProject
Global
	GlobalSection(SolutionConfigurationPlatforms) = preSolution
		Debug|Any CPU = Debug|Any CPU
		Release|Any CPU = Release|Any CPU
	EndGlobalSection
	GlobalSection(ProjectConfigurationPlatforms) = postSolution
		{C51C9C58-8473-468E-B9C8-BA1B50705FED}.Debug|Any CPU.ActiveCfg = Debug|Any CPU
		{C51C9C58-8473-468E-B9C8-BA1B50705FED}.Debug|Any CPU.Build.0 = Debug|Any CPU
		{C51C9C58-8473-468E-B9C8-BA1B50705FED}.Release|Any CPU.ActiveCfg = Release|Any CPU
		{C51C9C58-8473-468E-B9C8-BA1B50705FED}.Release|Any CPU.Build.0 = Release|Any CPU
	EndGlobalSection
	GlobalSection(SolutionProperties) = preSolution
		HideSolutionNode = FALSE
	EndGlobalSection
	GlobalSection(ExtensibilityGlobals) = postSolution
		SolutionGuid = {52D70DE5-0E72-4CFB-A077-071C45BE852C}
	EndGlobalSection
EndGlobal
